<Solution>
  <Folder Name="/samples/">
    <Project Path="samples/BasicImageGeneration/BasicImageGeneration.csproj" />
  </Folder>

  <Folder Name="/src/">
    <Project Path="src/SharpInference.Core/SharpInference.Core.csproj" />
    <Project Path="src/SharpInference.ModelHandler/SharpInference.ModelHandler.csproj" />
    <Project Path="src/SharpInference.Tokenizers/SharpInference.Tokenizers.csproj" />
    <Project Path="src/SharpInference.Cpu/SharpInference.Cpu.csproj" />
    <Project Path="src/SharpInference.Cuda/SharpInference.Cuda.csproj" />
    <Project Path="src/SharpInference.Diffusion/SharpInference.Diffusion.csproj" />
    <Project Path="src/SharpInference.Audio/SharpInference.Audio.csproj" />
    <Project Path="src/SharpInference.Vision/SharpInference.Vision.csproj" />
    <Project Path="src/SharpInference.Video/SharpInference.Video.csproj" />
    <Project Path="src/SharpInference.Server/SharpInference.Server.csproj" />
  </Folder>

  <Folder Name="/tests/">
    <Project Path="tests/SharpInference.Core.Tests/SharpInference.Core.Tests.csproj" />
    <Project Path="tests/SharpInference.ModelHandler.Tests/SharpInference.ModelHandler.Tests.csproj" />
    <Project Path="tests/SharpInference.Cpu.Tests/SharpInference.Cpu.Tests.csproj" />
    <Project Path="tests/SharpInference.Tokenizers.Tests/SharpInference.Tokenizers.Tests.csproj" />
    <Project Path="tests/SharpInference.Diffusion.Tests/SharpInference.Diffusion.Tests.csproj" />
  </Folder>

  <Folder Name="/benchmarks/">
    <Project Path="benchmarks/SharpInference.Benchmarks/SharpInference.Benchmarks.csproj" />
  </Folder>

</Solution>
