
Microsoft Visual Studio Solution File, Format Version 12.00
# Visual Studio Version 17
VisualStudioVersion = 17.5.2.0
MinimumVisualStudioVersion = 10.0.40219.1
Project("{2150E333-8FDC-42A3-9474-1A3956D46DE8}") = "tests", "tests", "{0AB3BF05-4346-4AA6-1389-037BE0695223}"
EndProject
Project("{2150E333-8FDC-42A3-9474-1A3956D46DE8}") = "benchmarks", "benchmarks", "{66320409-64EC-F7C5-3DEF-65E7510DAAD1}"
EndProject
Project("{2150E333-8FDC-42A3-9474-1A3956D46DE8}") = "src", "src", "{827E0CD3-B72D-47B6-A68D-7590B98EB39B}"
EndProject
Project("{FAE04EC0-301F-11D3-BF4B-00C04F79EFBC}") = "SharpInference.Diffusion.Tests", "tests\SharpInference.Diffusion.Tests\SharpInference.Diffusion.Tests.csproj", "{BC10C496-A15D-91B4-0A6D-BB0EEE842E2C}"
EndProject
Project("{FAE04EC0-301F-11D3-BF4B-00C04F79EFBC}") = "SharpInference.Tokenizers.Tests", "tests\SharpInference.Tokenizers.Tests\SharpInference.Tokenizers.Tests.csproj", "{C041C900-86A7-F517-6913-B7571318AECA}"
EndProject
Project("{FAE04EC0-301F-11D3-BF4B-00C04F79EFBC}") = "SharpInference.Core.Tests", "tests\SharpInference.Core.Tests\SharpInference.Core.Tests.csproj", "{4A8BAD45-EE8C-E67D-9BE6-0DD13F8996D9}"
EndProject
Project("{FAE04EC0-301F-11D3-BF4B-00C04F79EFBC}") = "SharpInference.ModelHandler.Tests", "tests\SharpInference.ModelHandler.Tests\SharpInference.ModelHandler.Tests.csproj", "{5ACF7A0A-30CE-A852-336D-49D34749A5D9}"
EndProject
Project("{FAE04EC0-301F-11D3-BF4B-00C04F79EFBC}") = "SharpInference.Cpu.Tests", "tests\SharpInference.Cpu.Tests\SharpInference.Cpu.Tests.csproj", "{05D69375-EFFB-551A-8E33-CD3D8BF126AD}"
EndProject
Project("{FAE04EC0-301F-11D3-BF4B-00C04F79EFBC}") = "SharpInference.Benchmarks", "benchmarks\SharpInference.Benchmarks\SharpInference.Benchmarks.csproj", "{95E633CD-EC46-5DC9-564D-74A563E74CCD}"
EndProject
Project("{FAE04EC0-301F-11D3-BF4B-00C04F79EFBC}") = "SharpInference.Video", "src\SharpInference.Video\SharpInference.Video.csproj", "{388005E3-A169-747D-D1B4-DAD41A4E806F}"
EndProject
Project("{FAE04EC0-301F-11D3-BF4B-00C04F79EFBC}") = "SharpInference.Cpu", "src\SharpInference.Cpu\SharpInference.Cpu.csproj", "{56742822-F1F6-FF87-7A91-418108FF6631}"
EndProject
Project("{FAE04EC0-301F-11D3-BF4B-00C04F79EFBC}") = "SharpInference.Tokenizers", "src\SharpInference.Tokenizers\SharpInference.Tokenizers.csproj", "{33EA021E-CFD9-C1B6-47A0-C13A7FEA42A4}"
EndProject
Project("{FAE04EC0-301F-11D3-BF4B-00C04F79EFBC}") = "SharpInference.ModelHandler", "src\SharpInference.ModelHandler\SharpInference.ModelHandler.csproj", "{10FFB865-C42E-1E7F-5858-B658C530ABBD}"
EndProject
Project("{FAE04EC0-301F-11D3-BF4B-00C04F79EFBC}") = "SharpInference.Server", "src\SharpInference.Server\SharpInference.Server.csproj", "{25F3485B-A8E5-2DC0-C3B4-528004166D84}"
EndProject
Project("{FAE04EC0-301F-11D3-BF4B-00C04F79EFBC}") = "SharpInference.Cuda", "src\SharpInference.Cuda\SharpInference.Cuda.csproj", "{55268D49-3FA1-273F-4F0D-72743535A778}"
EndProject
Project("{FAE04EC0-301F-11D3-BF4B-00C04F79EFBC}") = "SharpInference.Diffusion", "src\SharpInference.Diffusion\SharpInference.Diffusion.csproj", "{4DD8B038-523A-3F1F-4FD1-F5B80E57B27A}"
EndProject
Project("{FAE04EC0-301F-11D3-BF4B-00C04F79EFBC}") = "SharpInference.Core", "src\SharpInference.Core\SharpInference.Core.csproj", "{92DCF1CE-1E2E-4741-C3CD-92C929295F80}"
EndProject
Project("{FAE04EC0-301F-11D3-BF4B-00C04F79EFBC}") = "SharpInference.Audio", "src\SharpInference.Audio\SharpInference.Audio.csproj", "{F65C0C0D-761C-6AA1-4C30-9161AFE0B19A}"
EndProject
Project("{FAE04EC0-301F-11D3-BF4B-00C04F79EFBC}") = "SharpInference.Vision", "src\SharpInference.Vision\SharpInference.Vision.csproj", "{09F54046-02E8-98AF-8B15-4108B4194CBF}"
EndProject
Project("{FAE04EC0-301F-11D3-BF4B-00C04F79EFBC}") = "SharpInference.Vulkan", "src\SharpInference.Vulkan\SharpInference.Vulkan.csproj", "{16E977EE-66F1-4839-B695-CD84A410AEE6}"
EndProject
Project("{FAE04EC0-301F-11D3-BF4B-00C04F79EFBC}") = "SharpInference.Vulkan.Tests", "tests\SharpInference.Vulkan.Tests\SharpInference.Vulkan.Tests.csproj", "{7168C121-CEA5-4424-800C-7D712CEC1AB3}"
EndProject
Project("{FAE04EC0-301F-11D3-BF4B-00C04F79EFBC}") = "SharpInference.Tests.Common", "tests\SharpInference.Tests.Common\SharpInference.Tests.Common.csproj", "{FA58B30E-ED73-4788-89EF-A8AFAD500D87}"
EndProject
Project("{FAE04EC0-301F-11D3-BF4B-00C04F79EFBC}") = "SharpInference.Cli", "src\SharpInference.Cli\SharpInference.Cli.csproj", "{E05A788E-8108-4F85-873C-01828811F4BA}"
EndProject
Project("{FAE04EC0-301F-11D3-BF4B-00C04F79EFBC}") = "SharpInference.Cuda.Tests", "tests\SharpInference.Cuda.Tests\SharpInference.Cuda.Tests.csproj", "{5F5A7967-4941-4ED8-8094-A06AB97F7F81}"
EndProject
Project("{2150E333-8FDC-42A3-9474-1A3956D46DE8}") = "samples", "samples", "{5D20AA90-6969-D8BD-9DCD-8634F4692FDA}"
EndProject
Project("{FAE04EC0-301F-11D3-BF4B-00C04F79EFBC}") = "ConvertSafetensorsToGguf", "samples\ConvertSafetensorsToGguf\ConvertSafetensorsToGguf.csproj", "{998CEC4A-5B8B-426F-A8FE-454186D16786}"
EndProject
Project("{FAE04EC0-301F-11D3-BF4B-00C04F79EFBC}") = "SharpInference.GpuBenchmarks", "benchmarks\SharpInference.GpuBenchmarks\SharpInference.GpuBenchmarks.csproj", "{5F8A4B28-C0F5-45B0-8319-DBF3450238BD}"
EndProject
Project("{FAE04EC0-301F-11D3-BF4B-00C04F79EFBC}") = "SharpInference.Audio.Tests", "tests\SharpInference.Audio.Tests\SharpInference.Audio.Tests.csproj", "{7DF95CF0-9748-4239-B842-C36B77A684E0}"
EndProject
Project("{FAE04EC0-301F-11D3-BF4B-00C04F79EFBC}") = "SharpInference.Vision.Tests", "tests\SharpInference.Vision.Tests\SharpInference.Vision.Tests.csproj", "{4CB31008-1028-417C-B941-021A7FA2B7FB}"
EndProject
Project("{FAE04EC0-301F-11D3-BF4B-00C04F79EFBC}") = "SharpInference.Video.Tests", "tests\SharpInference.Video.Tests\SharpInference.Video.Tests.csproj", "{DECE2786-0E37-406E-86B0-71A2352BE90A}"
EndProject
Global
	GlobalSection(SolutionConfigurationPlatforms) = preSolution
		Debug|Any CPU = Debug|Any CPU
		Debug|x64 = Debug|x64
		Debug|x86 = Debug|x86
		Release|Any CPU = Release|Any CPU
		Release|x64 = Release|x64
		Release|x86 = Release|x86
	EndGlobalSection
	GlobalSection(ProjectConfigurationPlatforms) = postSolution
		{BC10C496-A15D-91B4-0A6D-BB0EEE842E2C}.Debug|Any CPU.ActiveCfg = Debug|Any CPU
		{BC10C496-A15D-91B4-0A6D-BB0EEE842E2C}.Debug|Any CPU.Build.0 = Debug|Any CPU
		{BC10C496-A15D-91B4-0A6D-BB0EEE842E2C}.Debug|x64.ActiveCfg = Debug|Any CPU
		{BC10C496-A15D-91B4-0A6D-BB0EEE842E2C}.Debug|x64.Build.0 = Debug|Any CPU
		{BC10C496-A15D-91B4-0A6D-BB0EEE842E2C}.Debug|x86.ActiveCfg = Debug|Any CPU
		{BC10C496-A15D-91B4-0A6D-BB0EEE842E2C}.Debug|x86.Build.0 = Debug|Any CPU
		{BC10C496-A15D-91B4-0A6D-BB0EEE842E2C}.Release|Any CPU.ActiveCfg = Release|Any CPU
		{BC10C496-A15D-91B4-0A6D-BB0EEE842E2C}.Release|Any CPU.Build.0 = Release|Any CPU
		{BC10C496-A15D-91B4-0A6D-BB0EEE842E2C}.Release|x64.ActiveCfg = Release|Any CPU
		{BC10C496-A15D-91B4-0A6D-BB0EEE842E2C}.Release|x64.Build.0 = Release|Any CPU
		{BC10C496-A15D-91B4-0A6D-BB0EEE842E2C}.Release|x86.ActiveCfg = Release|Any CPU
		{BC10C496-A15D-91B4-0A6D-BB0EEE842E2C}.Release|x86.Build.0 = Release|Any CPU
		{C041C900-86A7-F517-6913-B7571318AECA}.Debug|Any CPU.ActiveCfg = Debug|Any CPU
		{C041C900-86A7-F517-6913-B7571318AECA}.Debug|Any CPU.Build.0 = Debug|Any CPU
		{C041C900-86A7-F517-6913-B7571318AECA}.Debug|x64.ActiveCfg = Debug|Any CPU
		{C041C900-86A7-F517-6913-B7571318AECA}.Debug|x64.Build.0 = Debug|Any CPU
		{C041C900-86A7-F517-6913-B7571318AECA}.Debug|x86.ActiveCfg = Debug|Any CPU
		{C041C900-86A7-F517-6913-B7571318AECA}.Debug|x86.Build.0 = Debug|Any CPU
		{C041C900-86A7-F517-6913-B7571318AECA}.Release|Any CPU.ActiveCfg = Release|Any CPU
		{C041C900-86A7-F517-6913-B7571318AECA}.Release|Any CPU.Build.0 = Release|Any CPU
		{C041C900-86A7-F517-6913-B7571318AECA}.Release|x64.ActiveCfg = Release|Any CPU
		{C041C900-86A7-F517-6913-B7571318AECA}.Release|x64.Build.0 = Release|Any CPU
		{C041C900-86A7-F517-6913-B7571318AECA}.Release|x86.ActiveCfg = Release|Any CPU
		{C041C900-86A7-F517-6913-B7571318AECA}.Release|x86.Build.0 = Release|Any CPU
		{4A8BAD45-EE8C-E67D-9BE6-0DD13F8996D9}.Debug|Any CPU.ActiveCfg = Debug|Any CPU
		{4A8BAD45-EE8C-E67D-9BE6-0DD13F8996D9}.Debug|Any CPU.Build.0 = Debug|Any CPU
		{4A8BAD45-EE8C-E67D-9BE6-0DD13F8996D9}.Debug|x64.ActiveCfg = Debug|Any CPU
		{4A8BAD45-EE8C-E67D-9BE6-0DD13F8996D9}.Debug|x64.Build.0 = Debug|Any CPU
		{4A8BAD45-EE8C-E67D-9BE6-0DD13F8996D9}.Debug|x86.ActiveCfg = Debug|Any CPU
		{4A8BAD45-EE8C-E67D-9BE6-0DD13F8996D9}.Debug|x86.Build.0 = Debug|Any CPU
		{4A8BAD45-EE8C-E67D-9BE6-0DD13F8996D9}.Release|Any CPU.ActiveCfg = Release|Any CPU
		{4A8BAD45-EE8C-E67D-9BE6-0DD13F8996D9}.Release|Any CPU.Build.0 = Release|Any CPU
		{4A8BAD45-EE8C-E67D-9BE6-0DD13F8996D9}.Release|x64.ActiveCfg = Release|Any CPU
		{4A8BAD45-EE8C-E67D-9BE6-0DD13F8996D9}.Release|x64.Build.0 = Release|Any CPU
		{4A8BAD45-EE8C-E67D-9BE6-0DD13F8996D9}.Release|x86.ActiveCfg = Release|Any CPU
		{4A8BAD45-EE8C-E67D-9BE6-0DD13F8996D9}.Release|x86.Build.0 = Release|Any CPU
		{5ACF7A0A-30CE-A852-336D-49D34749A5D9}.Debug|Any CPU.ActiveCfg = Debug|Any CPU
		{5ACF7A0A-30CE-A852-336D-49D34749A5D9}.Debug|Any CPU.Build.0 = Debug|Any CPU
		{5ACF7A0A-30CE-A852-336D-49D34749A5D9}.Debug|x64.ActiveCfg = Debug|Any CPU
		{5ACF7A0A-30CE-A852-336D-49D34749A5D9}.Debug|x64.Build.0 = Debug|Any CPU
		{5ACF7A0A-30CE-A852-336D-49D34749A5D9}.Debug|x86.ActiveCfg = Debug|Any CPU
		{5ACF7A0A-30CE-A852-336D-49D34749A5D9}.Debug|x86.Build.0 = Debug|Any CPU
		{5ACF7A0A-30CE-A852-336D-49D34749A5D9}.Release|Any CPU.ActiveCfg = Release|Any CPU
		{5ACF7A0A-30CE-A852-336D-49D34749A5D9}.Release|Any CPU.Build.0 = Release|Any CPU
		{5ACF7A0A-30CE-A852-336D-49D34749A5D9}.Release|x64.ActiveCfg = Release|Any CPU
		{5ACF7A0A-30CE-A852-336D-49D34749A5D9}.Release|x64.Build.0 = Release|Any CPU
		{5ACF7A0A-30CE-A852-336D-49D34749A5D9}.Release|x86.ActiveCfg = Release|Any CPU
		{5ACF7A0A-30CE-A852-336D-49D34749A5D9}.Release|x86.Build.0 = Release|Any CPU
		{05D69375-EFFB-551A-8E33-CD3D8BF126AD}.Debug|Any CPU.ActiveCfg = Debug|Any CPU
		{05D69375-EFFB-551A-8E33-CD3D8BF126AD}.Debug|Any CPU.Build.0 = Debug|Any CPU
		{05D69375-EFFB-551A-8E33-CD3D8BF126AD}.Debug|x64.ActiveCfg = Debug|Any CPU
		{05D69375-EFFB-551A-8E33-CD3D8BF126AD}.Debug|x64.Build.0 = Debug|Any CPU
		{05D69375-EFFB-551A-8E33-CD3D8BF126AD}.Debug|x86.ActiveCfg = Debug|Any CPU
		{05D69375-EFFB-551A-8E33-CD3D8BF126AD}.Debug|x86.Build.0 = Debug|Any CPU
		{05D69375-EFFB-551A-8E33-CD3D8BF126AD}.Release|Any CPU.ActiveCfg = Release|Any CPU
		{05D69375-EFFB-551A-8E33-CD3D8BF126AD}.Release|Any CPU.Build.0 = Release|Any CPU
		{05D69375-EFFB-551A-8E33-CD3D8BF126AD}.Release|x64.ActiveCfg = Release|Any CPU
		{05D69375-EFFB-551A-8E33-CD3D8BF126AD}.Release|x64.Build.0 = Release|Any CPU
		{05D69375-EFFB-551A-8E33-CD3D8BF126AD}.Release|x86.ActiveCfg = Release|Any CPU
		{05D69375-EFFB-551A-8E33-CD3D8BF126AD}.Release|x86.Build.0 = Release|Any CPU
		{95E633CD-EC46-5DC9-564D-74A563E74CCD}.Debug|Any CPU.ActiveCfg = Debug|Any CPU
		{95E633CD-EC46-5DC9-564D-74A563E74CCD}.Debug|Any CPU.Build.0 = Debug|Any CPU
		{95E633CD-EC46-5DC9-564D-74A563E74CCD}.Debug|x64.ActiveCfg = Debug|Any CPU
		{95E633CD-EC46-5DC9-564D-74A563E74CCD}.Debug|x64.Build.0 = Debug|Any CPU
		{95E633CD-EC46-5DC9-564D-74A563E74CCD}.Debug|x86.ActiveCfg = Debug|Any CPU
		{95E633CD-EC46-5DC9-564D-74A563E74CCD}.Debug|x86.Build.0 = Debug|Any CPU
		{95E633CD-EC46-5DC9-564D-74A563E74CCD}.Release|Any CPU.ActiveCfg = Release|Any CPU
		{95E633CD-EC46-5DC9-564D-74A563E74CCD}.Release|Any CPU.Build.0 = Release|Any CPU
		{95E633CD-EC46-5DC9-564D-74A563E74CCD}.Release|x64.ActiveCfg = Release|Any CPU
		{95E633CD-EC46-5DC9-564D-74A563E74CCD}.Release|x64.Build.0 = Release|Any CPU
		{95E633CD-EC46-5DC9-564D-74A563E74CCD}.Release|x86.ActiveCfg = Release|Any CPU
		{95E633CD-EC46-5DC9-564D-74A563E74CCD}.Release|x86.Build.0 = Release|Any CPU
		{388005E3-A169-747D-D1B4-DAD41A4E806F}.Debug|Any CPU.ActiveCfg = Debug|Any CPU
		{388005E3-A169-747D-D1B4-DAD41A4E806F}.Debug|Any CPU.Build.0 = Debug|Any CPU
		{388005E3-A169-747D-D1B4-DAD41A4E806F}.Debug|x64.ActiveCfg = Debug|Any CPU
		{388005E3-A169-747D-D1B4-DAD41A4E806F}.Debug|x64.Build.0 = Debug|Any CPU
		{388005E3-A169-747D-D1B4-DAD41A4E806F}.Debug|x86.ActiveCfg = Debug|Any CPU
		{388005E3-A169-747D-D1B4-DAD41A4E806F}.Debug|x86.Build.0 = Debug|Any CPU
		{388005E3-A169-747D-D1B4-DAD41A4E806F}.Release|Any CPU.ActiveCfg = Release|Any CPU
		{388005E3-A169-747D-D1B4-DAD41A4E806F}.Release|Any CPU.Build.0 = Release|Any CPU
		{388005E3-A169-747D-D1B4-DAD41A4E806F}.Release|x64.ActiveCfg = Release|Any CPU
		{388005E3-A169-747D-D1B4-DAD41A4E806F}.Release|x64.Build.0 = Release|Any CPU
		{388005E3-A169-747D-D1B4-DAD41A4E806F}.Release|x86.ActiveCfg = Release|Any CPU
		{388005E3-A169-747D-D1B4-DAD41A4E806F}.Release|x86.Build.0 = Release|Any CPU
		{56742822-F1F6-FF87-7A91-418108FF6631}.Debug|Any CPU.ActiveCfg = Debug|Any CPU
		{56742822-F1F6-FF87-7A91-418108FF6631}.Debug|Any CPU.Build.0 = Debug|Any CPU
		{56742822-F1F6-FF87-7A91-418108FF6631}.Debug|x64.ActiveCfg = Debug|Any CPU
		{56742822-F1F6-FF87-7A91-418108FF6631}.Debug|x64.Build.0 = Debug|Any CPU
		{56742822-F1F6-FF87-7A91-418108FF6631}.Debug|x86.ActiveCfg = Debug|Any CPU
		{56742822-F1F6-FF87-7A91-418108FF6631}.Debug|x86.Build.0 = Debug|Any CPU
		{56742822-F1F6-FF87-7A91-418108FF6631}.Release|Any CPU.ActiveCfg = Release|Any CPU
		{56742822-F1F6-FF87-7A91-418108FF6631}.Release|Any CPU.Build.0 = Release|Any CPU
		{56742822-F1F6-FF87-7A91-418108FF6631}.Release|x64.ActiveCfg = Release|Any CPU
		{56742822-F1F6-FF87-7A91-418108FF6631}.Release|x64.Build.0 = Release|Any CPU
		{56742822-F1F6-FF87-7A91-418108FF6631}.Release|x86.ActiveCfg = Release|Any CPU
		{56742822-F1F6-FF87-7A91-418108FF6631}.Release|x86.Build.0 = Release|Any CPU
		{33EA021E-CFD9-C1B6-47A0-C13A7FEA42A4}.Debug|Any CPU.ActiveCfg = Debug|Any CPU
		{33EA021E-CFD9-C1B6-47A0-C13A7FEA42A4}.Debug|Any CPU.Build.0 = Debug|Any CPU
		{33EA021E-CFD9-C1B6-47A0-C13A7FEA42A4}.Debug|x64.ActiveCfg = Debug|Any CPU
		{33EA021E-CFD9-C1B6-47A0-C13A7FEA42A4}.Debug|x64.Build.0 = Debug|Any CPU
		{33EA021E-CFD9-C1B6-47A0-C13A7FEA42A4}.Debug|x86.ActiveCfg = Debug|Any CPU
		{33EA021E-CFD9-C1B6-47A0-C13A7FEA42A4}.Debug|x86.Build.0 = Debug|Any CPU
		{33EA021E-CFD9-C1B6-47A0-C13A7FEA42A4}.Release|Any CPU.ActiveCfg = Release|Any CPU
		{33EA021E-CFD9-C1B6-47A0-C13A7FEA42A4}.Release|Any CPU.Build.0 = Release|Any CPU
		{33EA021E-CFD9-C1B6-47A0-C13A7FEA42A4}.Release|x64.ActiveCfg = Release|Any CPU
		{33EA021E-CFD9-C1B6-47A0-C13A7FEA42A4}.Release|x64.Build.0 = Release|Any CPU
		{33EA021E-CFD9-C1B6-47A0-C13A7FEA42A4}.Release|x86.ActiveCfg = Release|Any CPU
		{33EA021E-CFD9-C1B6-47A0-C13A7FEA42A4}.Release|x86.Build.0 = Release|Any CPU
		{10FFB865-C42E-1E7F-5858-B658C530ABBD}.Debug|Any CPU.ActiveCfg = Debug|Any CPU
		{10FFB865-C42E-1E7F-5858-B658C530ABBD}.Debug|Any CPU.Build.0 = Debug|Any CPU
		{10FFB865-C42E-1E7F-5858-B658C530ABBD}.Debug|x64.ActiveCfg = Debug|Any CPU
		{10FFB865-C42E-1E7F-5858-B658C530ABBD}.Debug|x64.Build.0 = Debug|Any CPU
		{10FFB865-C42E-1E7F-5858-B658C530ABBD}.Debug|x86.ActiveCfg = Debug|Any CPU
		{10FFB865-C42E-1E7F-5858-B658C530ABBD}.Debug|x86.Build.0 = Debug|Any CPU
		{10FFB865-C42E-1E7F-5858-B658C530ABBD}.Release|Any CPU.ActiveCfg = Release|Any CPU
		{10FFB865-C42E-1E7F-5858-B658C530ABBD}.Release|Any CPU.Build.0 = Release|Any CPU
		{10FFB865-C42E-1E7F-5858-B658C530ABBD}.Release|x64.ActiveCfg = Release|Any CPU
		{10FFB865-C42E-1E7F-5858-B658C530ABBD}.Release|x64.Build.0 = Release|Any CPU
		{10FFB865-C42E-1E7F-5858-B658C530ABBD}.Release|x86.ActiveCfg = Release|Any CPU
		{10FFB865-C42E-1E7F-5858-B658C530ABBD}.Release|x86.Build.0 = Release|Any CPU
		{25F3485B-A8E5-2DC0-C3B4-528004166D84}.Debug|Any CPU.ActiveCfg = Debug|Any CPU
		{25F3485B-A8E5-2DC0-C3B4-528004166D84}.Debug|Any CPU.Build.0 = Debug|Any CPU
		{25F3485B-A8E5-2DC0-C3B4-528004166D84}.Debug|x64.ActiveCfg = Debug|Any CPU
		{25F3485B-A8E5-2DC0-C3B4-528004166D84}.Debug|x64.Build.0 = Debug|Any CPU
		{25F3485B-A8E5-2DC0-C3B4-528004166D84}.Debug|x86.ActiveCfg = Debug|Any CPU
		{25F3485B-A8E5-2DC0-C3B4-528004166D84}.Debug|x86.Build.0 = Debug|Any CPU
		{25F3485B-A8E5-2DC0-C3B4-528004166D84}.Release|Any CPU.ActiveCfg = Release|Any CPU
		{25F3485B-A8E5-2DC0-C3B4-528004166D84}.Release|Any CPU.Build.0 = Release|Any CPU
		{25F3485B-A8E5-2DC0-C3B4-528004166D84}.Release|x64.ActiveCfg = Release|Any CPU
		{25F3485B-A8E5-2DC0-C3B4-528004166D84}.Release|x64.Build.0 = Release|Any CPU
		{25F3485B-A8E5-2DC0-C3B4-528004166D84}.Release|x86.ActiveCfg = Release|Any CPU
		{25F3485B-A8E5-2DC0-C3B4-528004166D84}.Release|x86.Build.0 = Release|Any CPU
		{55268D49-3FA1-273F-4F0D-72743535A778}.Debug|Any CPU.ActiveCfg = Debug|Any CPU
		{55268D49-3FA1-273F-4F0D-72743535A778}.Debug|Any CPU.Build.0 = Debug|Any CPU
		{55268D49-3FA1-273F-4F0D-72743535A778}.Debug|x64.ActiveCfg = Debug|Any CPU
		{55268D49-3FA1-273F-4F0D-72743535A778}.Debug|x64.Build.0 = Debug|Any CPU
		{55268D49-3FA1-273F-4F0D-72743535A778}.Debug|x86.ActiveCfg = Debug|Any CPU
		{55268D49-3FA1-273F-4F0D-72743535A778}.Debug|x86.Build.0 = Debug|Any CPU
		{55268D49-3FA1-273F-4F0D-72743535A778}.Release|Any CPU.ActiveCfg = Release|Any CPU
		{55268D49-3FA1-273F-4F0D-72743535A778}.Release|Any CPU.Build.0 = Release|Any CPU
		{55268D49-3FA1-273F-4F0D-72743535A778}.Release|x64.ActiveCfg = Release|Any CPU
		{55268D49-3FA1-273F-4F0D-72743535A778}.Release|x64.Build.0 = Release|Any CPU
		{55268D49-3FA1-273F-4F0D-72743535A778}.Release|x86.ActiveCfg = Release|Any CPU
		{55268D49-3FA1-273F-4F0D-72743535A778}.Release|x86.Build.0 = Release|Any CPU
		{4DD8B038-523A-3F1F-4FD1-F5B80E57B27A}.Debug|Any CPU.ActiveCfg = Debug|Any CPU
		{4DD8B038-523A-3F1F-4FD1-F5B80E57B27A}.Debug|Any CPU.Build.0 = Debug|Any CPU
		{4DD8B038-523A-3F1F-4FD1-F5B80E57B27A}.Debug|x64.ActiveCfg = Debug|Any CPU
		{4DD8B038-523A-3F1F-4FD1-F5B80E57B27A}.Debug|x64.Build.0 = Debug|Any CPU
		{4DD8B038-523A-3F1F-4FD1-F5B80E57B27A}.Debug|x86.ActiveCfg = Debug|Any CPU
		{4DD8B038-523A-3F1F-4FD1-F5B80E57B27A}.Debug|x86.Build.0 = Debug|Any CPU
		{4DD8B038-523A-3F1F-4FD1-F5B80E57B27A}.Release|Any CPU.ActiveCfg = Release|Any CPU
		{4DD8B038-523A-3F1F-4FD1-F5B80E57B27A}.Release|Any CPU.Build.0 = Release|Any CPU
		{4DD8B038-523A-3F1F-4FD1-F5B80E57B27A}.Release|x64.ActiveCfg = Release|Any CPU
		{4DD8B038-523A-3F1F-4FD1-F5B80E57B27A}.Release|x64.Build.0 = Release|Any CPU
		{4DD8B038-523A-3F1F-4FD1-F5B80E57B27A}.Release|x86.ActiveCfg = Release|Any CPU
		{4DD8B038-523A-3F1F-4FD1-F5B80E57B27A}.Release|x86.Build.0 = Release|Any CPU
		{92DCF1CE-1E2E-4741-C3CD-92C929295F80}.Debug|Any CPU.ActiveCfg = Debug|Any CPU
		{92DCF1CE-1E2E-4741-C3CD-92C929295F80}.Debug|Any CPU.Build.0 = Debug|Any CPU
		{92DCF1CE-1E2E-4741-C3CD-92C929295F80}.Debug|x64.ActiveCfg = Debug|Any CPU
		{92DCF1CE-1E2E-4741-C3CD-92C929295F80}.Debug|x64.Build.0 = Debug|Any CPU
		{92DCF1CE-1E2E-4741-C3CD-92C929295F80}.Debug|x86.ActiveCfg = Debug|Any CPU
		{92DCF1CE-1E2E-4741-C3CD-92C929295F80}.Debug|x86.Build.0 = Debug|Any CPU
		{92DCF1CE-1E2E-4741-C3CD-92C929295F80}.Release|Any CPU.ActiveCfg = Release|Any CPU
		{92DCF1CE-1E2E-4741-C3CD-92C929295F80}.Release|Any CPU.Build.0 = Release|Any CPU
		{92DCF1CE-1E2E-4741-C3CD-92C929295F80}.Release|x64.ActiveCfg = Release|Any CPU
		{92DCF1CE-1E2E-4741-C3CD-92C929295F80}.Release|x64.Build.0 = Release|Any CPU
		{92DCF1CE-1E2E-4741-C3CD-92C929295F80}.Release|x86.ActiveCfg = Release|Any CPU
		{92DCF1CE-1E2E-4741-C3CD-92C929295F80}.Release|x86.Build.0 = Release|Any CPU
		{F65C0C0D-761C-6AA1-4C30-9161AFE0B19A}.Debug|Any CPU.ActiveCfg = Debug|Any CPU
		{F65C0C0D-761C-6AA1-4C30-9161AFE0B19A}.Debug|Any CPU.Build.0 = Debug|Any CPU
		{F65C0C0D-761C-6AA1-4C30-9161AFE0B19A}.Debug|x64.ActiveCfg = Debug|Any CPU
		{F65C0C0D-761C-6AA1-4C30-9161AFE0B19A}.Debug|x64.Build.0 = Debug|Any CPU
		{F65C0C0D-761C-6AA1-4C30-9161AFE0B19A}.Debug|x86.ActiveCfg = Debug|Any CPU
		{F65C0C0D-761C-6AA1-4C30-9161AFE0B19A}.Debug|x86.Build.0 = Debug|Any CPU
		{F65C0C0D-761C-6AA1-4C30-9161AFE0B19A}.Release|Any CPU.ActiveCfg = Release|Any CPU
		{F65C0C0D-761C-6AA1-4C30-9161AFE0B19A}.Release|Any CPU.Build.0 = Release|Any CPU
		{F65C0C0D-761C-6AA1-4C30-9161AFE0B19A}.Release|x64.ActiveCfg = Release|Any CPU
		{F65C0C0D-761C-6AA1-4C30-9161AFE0B19A}.Release|x64.Build.0 = Release|Any CPU
		{F65C0C0D-761C-6AA1-4C30-9161AFE0B19A}.Release|x86.ActiveCfg = Release|Any CPU
		{F65C0C0D-761C-6AA1-4C30-9161AFE0B19A}.Release|x86.Build.0 = Release|Any CPU
		{09F54046-02E8-98AF-8B15-4108B4194CBF}.Debug|Any CPU.ActiveCfg = Debug|Any CPU
		{09F54046-02E8-98AF-8B15-4108B4194CBF}.Debug|Any CPU.Build.0 = Debug|Any CPU
		{09F54046-02E8-98AF-8B15-4108B4194CBF}.Debug|x64.ActiveCfg = Debug|Any CPU
		{09F54046-02E8-98AF-8B15-4108B4194CBF}.Debug|x64.Build.0 = Debug|Any CPU
		{09F54046-02E8-98AF-8B15-4108B4194CBF}.Debug|x86.ActiveCfg = Debug|Any CPU
		{09F54046-02E8-98AF-8B15-4108B4194CBF}.Debug|x86.Build.0 = Debug|Any CPU
		{09F54046-02E8-98AF-8B15-4108B4194CBF}.Release|Any CPU.ActiveCfg = Release|Any CPU
		{09F54046-02E8-98AF-8B15-4108B4194CBF}.Release|Any CPU.Build.0 = Release|Any CPU
		{09F54046-02E8-98AF-8B15-4108B4194CBF}.Release|x64.ActiveCfg = Release|Any CPU
		{09F54046-02E8-98AF-8B15-4108B4194CBF}.Release|x64.Build.0 = Release|Any CPU
		{09F54046-02E8-98AF-8B15-4108B4194CBF}.Release|x86.ActiveCfg = Release|Any CPU
		{09F54046-02E8-98AF-8B15-4108B4194CBF}.Release|x86.Build.0 = Release|Any CPU
		{16E977EE-66F1-4839-B695-CD84A410AEE6}.Debug|Any CPU.ActiveCfg = Debug|Any CPU
		{16E977EE-66F1-4839-B695-CD84A410AEE6}.Debug|Any CPU.Build.0 = Debug|Any CPU
		{16E977EE-66F1-4839-B695-CD84A410AEE6}.Debug|x64.ActiveCfg = Debug|Any CPU
		{16E977EE-66F1-4839-B695-CD84A410AEE6}.Debug|x64.Build.0 = Debug|Any CPU
		{16E977EE-66F1-4839-B695-CD84A410AEE6}.Debug|x86.ActiveCfg = Debug|Any CPU
		{16E977EE-66F1-4839-B695-CD84A410AEE6}.Debug|x86.Build.0 = Debug|Any CPU
		{16E977EE-66F1-4839-B695-CD84A410AEE6}.Release|Any CPU.ActiveCfg = Release|Any CPU
		{16E977EE-66F1-4839-B695-CD84A410AEE6}.Release|Any CPU.Build.0 = Release|Any CPU
		{16E977EE-66F1-4839-B695-CD84A410AEE6}.Release|x64.ActiveCfg = Release|Any CPU
		{16E977EE-66F1-4839-B695-CD84A410AEE6}.Release|x64.Build.0 = Release|Any CPU
		{16E977EE-66F1-4839-B695-CD84A410AEE6}.Release|x86.ActiveCfg = Release|Any CPU
		{16E977EE-66F1-4839-B695-CD84A410AEE6}.Release|x86.Build.0 = Release|Any CPU
		{7168C121-CEA5-4424-800C-7D712CEC1AB3}.Debug|Any CPU.ActiveCfg = Debug|Any CPU
		{7168C121-CEA5-4424-800C-7D712CEC1AB3}.Debug|Any CPU.Build.0 = Debug|Any CPU
		{7168C121-CEA5-4424-800C-7D712CEC1AB3}.Debug|x64.ActiveCfg = Debug|Any CPU
		{7168C121-CEA5-4424-800C-7D712CEC1AB3}.Debug|x64.Build.0 = Debug|Any CPU
		{7168C121-CEA5-4424-800C-7D712CEC1AB3}.Debug|x86.ActiveCfg = Debug|Any CPU
		{7168C121-CEA5-4424-800C-7D712CEC1AB3}.Debug|x86.Build.0 = Debug|Any CPU
		{7168C121-CEA5-4424-800C-7D712CEC1AB3}.Release|Any CPU.ActiveCfg = Release|Any CPU
		{7168C121-CEA5-4424-800C-7D712CEC1AB3}.Release|Any CPU.Build.0 = Release|Any CPU
		{7168C121-CEA5-4424-800C-7D712CEC1AB3}.Release|x64.ActiveCfg = Release|Any CPU
		{7168C121-CEA5-4424-800C-7D712CEC1AB3}.Release|x64.Build.0 = Release|Any CPU
		{7168C121-CEA5-4424-800C-7D712CEC1AB3}.Release|x86.ActiveCfg = Release|Any CPU
		{7168C121-CEA5-4424-800C-7D712CEC1AB3}.Release|x86.Build.0 = Release|Any CPU
		{FA58B30E-ED73-4788-89EF-A8AFAD500D87}.Debug|Any CPU.ActiveCfg = Debug|Any CPU
		{FA58B30E-ED73-4788-89EF-A8AFAD500D87}.Debug|Any CPU.Build.0 = Debug|Any CPU
		{FA58B30E-ED73-4788-89EF-A8AFAD500D87}.Debug|x64.ActiveCfg = Debug|Any CPU
		{FA58B30E-ED73-4788-89EF-A8AFAD500D87}.Debug|x64.Build.0 = Debug|Any CPU
		{FA58B30E-ED73-4788-89EF-A8AFAD500D87}.Debug|x86.ActiveCfg = Debug|Any CPU
		{FA58B30E-ED73-4788-89EF-A8AFAD500D87}.Debug|x86.Build.0 = Debug|Any CPU
		{FA58B30E-ED73-4788-89EF-A8AFAD500D87}.Release|Any CPU.ActiveCfg = Release|Any CPU
		{FA58B30E-ED73-4788-89EF-A8AFAD500D87}.Release|Any CPU.Build.0 = Release|Any CPU
		{FA58B30E-ED73-4788-89EF-A8AFAD500D87}.Release|x64.ActiveCfg = Release|Any CPU
		{FA58B30E-ED73-4788-89EF-A8AFAD500D87}.Release|x64.Build.0 = Release|Any CPU
		{FA58B30E-ED73-4788-89EF-A8AFAD500D87}.Release|x86.ActiveCfg = Release|Any CPU
		{FA58B30E-ED73-4788-89EF-A8AFAD500D87}.Release|x86.Build.0 = Release|Any CPU
		{E05A788E-8108-4F85-873C-01828811F4BA}.Debug|Any CPU.ActiveCfg = Debug|Any CPU
		{E05A788E-8108-4F85-873C-01828811F4BA}.Debug|Any CPU.Build.0 = Debug|Any CPU
		{E05A788E-8108-4F85-873C-01828811F4BA}.Debug|x64.ActiveCfg = Debug|Any CPU
		{E05A788E-8108-4F85-873C-01828811F4BA}.Debug|x64.Build.0 = Debug|Any CPU
		{E05A788E-8108-4F85-873C-01828811F4BA}.Debug|x86.ActiveCfg = Debug|Any CPU
		{E05A788E-8108-4F85-873C-01828811F4BA}.Debug|x86.Build.0 = Debug|Any CPU
		{E05A788E-8108-4F85-873C-01828811F4BA}.Release|Any CPU.ActiveCfg = Release|Any CPU
		{E05A788E-8108-4F85-873C-01828811F4BA}.Release|Any CPU.Build.0 = Release|Any CPU
		{E05A788E-8108-4F85-873C-01828811F4BA}.Release|x64.ActiveCfg = Release|Any CPU
		{E05A788E-8108-4F85-873C-01828811F4BA}.Release|x64.Build.0 = Release|Any CPU
		{E05A788E-8108-4F85-873C-01828811F4BA}.Release|x86.ActiveCfg = Release|Any CPU
		{E05A788E-8108-4F85-873C-01828811F4BA}.Release|x86.Build.0 = Release|Any CPU
		{5F5A7967-4941-4ED8-8094-A06AB97F7F81}.Debug|Any CPU.ActiveCfg = Debug|Any CPU
		{5F5A7967-4941-4ED8-8094-A06AB97F7F81}.Debug|Any CPU.Build.0 = Debug|Any CPU
		{5F5A7967-4941-4ED8-8094-A06AB97F7F81}.Debug|x64.ActiveCfg = Debug|Any CPU
		{5F5A7967-4941-4ED8-8094-A06AB97F7F81}.Debug|x64.Build.0 = Debug|Any CPU
		{5F5A7967-4941-4ED8-8094-A06AB97F7F81}.Debug|x86.ActiveCfg = Debug|Any CPU
		{5F5A7967-4941-4ED8-8094-A06AB97F7F81}.Debug|x86.Build.0 = Debug|Any CPU
		{5F5A7967-4941-4ED8-8094-A06AB97F7F81}.Release|Any CPU.ActiveCfg = Release|Any CPU
		{5F5A7967-4941-4ED8-8094-A06AB97F7F81}.Release|Any CPU.Build.0 = Release|Any CPU
		{5F5A7967-4941-4ED8-8094-A06AB97F7F81}.Release|x64.ActiveCfg = Release|Any CPU
		{5F5A7967-4941-4ED8-8094-A06AB97F7F81}.Release|x64.Build.0 = Release|Any CPU
		{5F5A7967-4941-4ED8-8094-A06AB97F7F81}.Release|x86.ActiveCfg = Release|Any CPU
		{5F5A7967-4941-4ED8-8094-A06AB97F7F81}.Release|x86.Build.0 = Release|Any CPU
		{998CEC4A-5B8B-426F-A8FE-454186D16786}.Debug|Any CPU.ActiveCfg = Debug|Any CPU
		{998CEC4A-5B8B-426F-A8FE-454186D16786}.Debug|Any CPU.Build.0 = Debug|Any CPU
		{998CEC4A-5B8B-426F-A8FE-454186D16786}.Debug|x64.ActiveCfg = Debug|Any CPU
		{998CEC4A-5B8B-426F-A8FE-454186D16786}.Debug|x64.Build.0 = Debug|Any CPU
		{998CEC4A-5B8B-426F-A8FE-454186D16786}.Debug|x86.ActiveCfg = Debug|Any CPU
		{998CEC4A-5B8B-426F-A8FE-454186D16786}.Debug|x86.Build.0 = Debug|Any CPU
		{998CEC4A-5B8B-426F-A8FE-454186D16786}.Release|Any CPU.ActiveCfg = Release|Any CPU
		{998CEC4A-5B8B-426F-A8FE-454186D16786}.Release|Any CPU.Build.0 = Release|Any CPU
		{998CEC4A-5B8B-426F-A8FE-454186D16786}.Release|x64.ActiveCfg = Release|Any CPU
		{998CEC4A-5B8B-426F-A8FE-454186D16786}.Release|x64.Build.0 = Release|Any CPU
		{998CEC4A-5B8B-426F-A8FE-454186D16786}.Release|x86.ActiveCfg = Release|Any CPU
		{998CEC4A-5B8B-426F-A8FE-454186D16786}.Release|x86.Build.0 = Release|Any CPU
		{5F8A4B28-C0F5-45B0-8319-DBF3450238BD}.Debug|Any CPU.ActiveCfg = Debug|Any CPU
		{5F8A4B28-C0F5-45B0-8319-DBF3450238BD}.Debug|Any CPU.Build.0 = Debug|Any CPU
		{5F8A4B28-C0F5-45B0-8319-DBF3450238BD}.Debug|x64.ActiveCfg = Debug|Any CPU
		{5F8A4B28-C0F5-45B0-8319-DBF3450238BD}.Debug|x64.Build.0 = Debug|Any CPU
		{5F8A4B28-C0F5-45B0-8319-DBF3450238BD}.Debug|x86.ActiveCfg = Debug|Any CPU
		{5F8A4B28-C0F5-45B0-8319-DBF3450238BD}.Debug|x86.Build.0 = Debug|Any CPU
		{5F8A4B28-C0F5-45B0-8319-DBF3450238BD}.Release|Any CPU.ActiveCfg = Release|Any CPU
		{5F8A4B28-C0F5-45B0-8319-DBF3450238BD}.Release|Any CPU.Build.0 = Release|Any CPU
		{5F8A4B28-C0F5-45B0-8319-DBF3450238BD}.Release|x64.ActiveCfg = Release|Any CPU
		{5F8A4B28-C0F5-45B0-8319-DBF3450238BD}.Release|x64.Build.0 = Release|Any CPU
		{5F8A4B28-C0F5-45B0-8319-DBF3450238BD}.Release|x86.ActiveCfg = Release|Any CPU
		{5F8A4B28-C0F5-45B0-8319-DBF3450238BD}.Release|x86.Build.0 = Release|Any CPU
		{7DF95CF0-9748-4239-B842-C36B77A684E0}.Debug|Any CPU.ActiveCfg = Debug|Any CPU
		{7DF95CF0-9748-4239-B842-C36B77A684E0}.Debug|Any CPU.Build.0 = Debug|Any CPU
		{7DF95CF0-9748-4239-B842-C36B77A684E0}.Debug|x64.ActiveCfg = Debug|Any CPU
		{7DF95CF0-9748-4239-B842-C36B77A684E0}.Debug|x64.Build.0 = Debug|Any CPU
		{7DF95CF0-9748-4239-B842-C36B77A684E0}.Debug|x86.ActiveCfg = Debug|Any CPU
		{7DF95CF0-9748-4239-B842-C36B77A684E0}.Debug|x86.Build.0 = Debug|Any CPU
		{7DF95CF0-9748-4239-B842-C36B77A684E0}.Release|Any CPU.ActiveCfg = Release|Any CPU
		{7DF95CF0-9748-4239-B842-C36B77A684E0}.Release|Any CPU.Build.0 = Release|Any CPU
		{7DF95CF0-9748-4239-B842-C36B77A684E0}.Release|x64.ActiveCfg = Release|Any CPU
		{7DF95CF0-9748-4239-B842-C36B77A684E0}.Release|x64.Build.0 = Release|Any CPU
		{7DF95CF0-9748-4239-B842-C36B77A684E0}.Release|x86.ActiveCfg = Release|Any CPU
		{7DF95CF0-9748-4239-B842-C36B77A684E0}.Release|x86.Build.0 = Release|Any CPU
		{4CB31008-1028-417C-B941-021A7FA2B7FB}.Debug|Any CPU.ActiveCfg = Debug|Any CPU
		{4CB31008-1028-417C-B941-021A7FA2B7FB}.Debug|Any CPU.Build.0 = Debug|Any CPU
		{4CB31008-1028-417C-B941-021A7FA2B7FB}.Debug|x64.ActiveCfg = Debug|Any CPU
		{4CB31008-1028-417C-B941-021A7FA2B7FB}.Debug|x64.Build.0 = Debug|Any CPU
		{4CB31008-1028-417C-B941-021A7FA2B7FB}.Debug|x86.ActiveCfg = Debug|Any CPU
		{4CB31008-1028-417C-B941-021A7FA2B7FB}.Debug|x86.Build.0 = Debug|Any CPU
		{4CB31008-1028-417C-B941-021A7FA2B7FB}.Release|Any CPU.ActiveCfg = Release|Any CPU
		{4CB31008-1028-417C-B941-021A7FA2B7FB}.Release|Any CPU.Build.0 = Release|Any CPU
		{4CB31008-1028-417C-B941-021A7FA2B7FB}.Release|x64.ActiveCfg = Release|Any CPU
		{4CB31008-1028-417C-B941-021A7FA2B7FB}.Release|x64.Build.0 = Release|Any CPU
		{4CB31008-1028-417C-B941-021A7FA2B7FB}.Release|x86.ActiveCfg = Release|Any CPU
		{4CB31008-1028-417C-B941-021A7FA2B7FB}.Release|x86.Build.0 = Release|Any CPU
		{DECE2786-0E37-406E-86B0-71A2352BE90A}.Debug|Any CPU.ActiveCfg = Debug|Any CPU
		{DECE2786-0E37-406E-86B0-71A2352BE90A}.Debug|Any CPU.Build.0 = Debug|Any CPU
		{DECE2786-0E37-406E-86B0-71A2352BE90A}.Debug|x64.ActiveCfg = Debug|Any CPU
		{DECE2786-0E37-406E-86B0-71A2352BE90A}.Debug|x64.Build.0 = Debug|Any CPU
		{DECE2786-0E37-406E-86B0-71A2352BE90A}.Debug|x86.ActiveCfg = Debug|Any CPU
		{DECE2786-0E37-406E-86B0-71A2352BE90A}.Debug|x86.Build.0 = Debug|Any CPU
		{DECE2786-0E37-406E-86B0-71A2352BE90A}.Release|Any CPU.ActiveCfg = Release|Any CPU
		{DECE2786-0E37-406E-86B0-71A2352BE90A}.Release|Any CPU.Build.0 = Release|Any CPU
		{DECE2786-0E37-406E-86B0-71A2352BE90A}.Release|x64.ActiveCfg = Release|Any CPU
		{DECE2786-0E37-406E-86B0-71A2352BE90A}.Release|x64.Build.0 = Release|Any CPU
		{DECE2786-0E37-406E-86B0-71A2352BE90A}.Release|x86.ActiveCfg = Release|Any CPU
		{DECE2786-0E37-406E-86B0-71A2352BE90A}.Release|x86.Build.0 = Release|Any CPU
	EndGlobalSection
	GlobalSection(SolutionProperties) = preSolution
		HideSolutionNode = FALSE
	EndGlobalSection
	GlobalSection(NestedProjects) = preSolution
		{BC10C496-A15D-91B4-0A6D-BB0EEE842E2C} = {0AB3BF05-4346-4AA6-1389-037BE0695223}
		{C041C900-86A7-F517-6913-B7571318AECA} = {0AB3BF05-4346-4AA6-1389-037BE0695223}
		{4A8BAD45-EE8C-E67D-9BE6-0DD13F8996D9} = {0AB3BF05-4346-4AA6-1389-037BE0695223}
		{5ACF7A0A-30CE-A852-336D-49D34749A5D9} = {0AB3BF05-4346-4AA6-1389-037BE0695223}
		{05D69375-EFFB-551A-8E33-CD3D8BF126AD} = {0AB3BF05-4346-4AA6-1389-037BE0695223}
		{95E633CD-EC46-5DC9-564D-74A563E74CCD} = {66320409-64EC-F7C5-3DEF-65E7510DAAD1}
		{388005E3-A169-747D-D1B4-DAD41A4E806F} = {827E0CD3-B72D-47B6-A68D-7590B98EB39B}
		{56742822-F1F6-FF87-7A91-418108FF6631} = {827E0CD3-B72D-47B6-A68D-7590B98EB39B}
		{33EA021E-CFD9-C1B6-47A0-C13A7FEA42A4} = {827E0CD3-B72D-47B6-A68D-7590B98EB39B}
		{10FFB865-C42E-1E7F-5858-B658C530ABBD} = {827E0CD3-B72D-47B6-A68D-7590B98EB39B}
		{25F3485B-A8E5-2DC0-C3B4-528004166D84} = {827E0CD3-B72D-47B6-A68D-7590B98EB39B}
		{55268D49-3FA1-273F-4F0D-72743535A778} = {827E0CD3-B72D-47B6-A68D-7590B98EB39B}
		{4DD8B038-523A-3F1F-4FD1-F5B80E57B27A} = {827E0CD3-B72D-47B6-A68D-7590B98EB39B}
		{92DCF1CE-1E2E-4741-C3CD-92C929295F80} = {827E0CD3-B72D-47B6-A68D-7590B98EB39B}
		{F65C0C0D-761C-6AA1-4C30-9161AFE0B19A} = {827E0CD3-B72D-47B6-A68D-7590B98EB39B}
		{09F54046-02E8-98AF-8B15-4108B4194CBF} = {827E0CD3-B72D-47B6-A68D-7590B98EB39B}
		{16E977EE-66F1-4839-B695-CD84A410AEE6} = {827E0CD3-B72D-47B6-A68D-7590B98EB39B}
		{7168C121-CEA5-4424-800C-7D712CEC1AB3} = {0AB3BF05-4346-4AA6-1389-037BE0695223}
		{FA58B30E-ED73-4788-89EF-A8AFAD500D87} = {0AB3BF05-4346-4AA6-1389-037BE0695223}
		{E05A788E-8108-4F85-873C-01828811F4BA} = {827E0CD3-B72D-47B6-A68D-7590B98EB39B}
		{5F5A7967-4941-4ED8-8094-A06AB97F7F81} = {0AB3BF05-4346-4AA6-1389-037BE0695223}
		{998CEC4A-5B8B-426F-A8FE-454186D16786} = {5D20AA90-6969-D8BD-9DCD-8634F4692FDA}
		{5F8A4B28-C0F5-45B0-8319-DBF3450238BD} = {66320409-64EC-F7C5-3DEF-65E7510DAAD1}
		{7DF95CF0-9748-4239-B842-C36B77A684E0} = {0AB3BF05-4346-4AA6-1389-037BE0695223}
		{4CB31008-1028-417C-B941-021A7FA2B7FB} = {0AB3BF05-4346-4AA6-1389-037BE0695223}
		{DECE2786-0E37-406E-86B0-71A2352BE90A} = {0AB3BF05-4346-4AA6-1389-037BE0695223}
	EndGlobalSection
	GlobalSection(ExtensibilityGlobals) = postSolution
		SolutionGuid = {DC26336E-9118-4B09-A68A-A220B55E110E}
	EndGlobalSection
EndGlobal
